
Microsoft Visual Studio Solution File, Format Version 12.00
# Visual Studio Version 17
VisualStudioVersion = 17.5.33502.453
MinimumVisualStudioVersion = 10.0.40219.1
Project("{FAE04EC0-301F-11D3-BF4B-00C04F79EFBC}") = "SpotMicro", "sources\SpotMicro.App\SpotMicro.App.csproj", "{AEA1A078-DCF0-4094-9AB1-511BB02FED78}"
EndProject
Global
	GlobalSection(SolutionConfigurationPlatforms) = preSolution
		Debug|Any CPU = Debug|Any CPU
		Release|Any CPU = Release|Any CPU
	EndGlobalSection
	GlobalSection(ProjectConfigurationPlatforms) = postSolution
		{AEA1A078-DCF0-4094-9AB1-511BB02FED78}.Debug|Any CPU.ActiveCfg = Debug|Any CPU
		{AEA1A078-DCF0-4094-9AB1-511BB02FED78}.Debug|Any CPU.Build.0 = Debug|Any CPU
		{AEA1A078-DCF0-4094-9AB1-511BB02FED78}.Release|Any CPU.ActiveCfg = Release|Any CPU
		{AEA1A078-DCF0-4094-9AB1-511BB02FED78}.Release|Any CPU.Build.0 = Release|Any CPU
	EndGlobalSection
	GlobalSection(SolutionProperties) = preSolution
		HideSolutionNode = FALSE
	EndGlobalSection
	GlobalSection(ExtensibilityGlobals) = postSolution
		SolutionGuid = {F6EEC1F4-EA5E-47E2-8E2E-7ADA25604403}
	EndGlobalSection
EndGlobal
